{
  "version": 4,
  "terraform_version": "1.4.6",
  "serial": 6,
  "lineage": "08186754-823a-7c51-8fb4-98f3cdb6ae16",
  "outputs": {},
  "resources": [
    {
      "mode": "managed",
      "type": "local_file",
      "name": "foo",
      "provider": "provider[\"registry.terraform.io/hashicorp/local\"]",
      "instances": [
        {
          "schema_version": 0,
          "attributes": {
            "content": "def hello():\n     print('Hello World!')\n hello()",
            "content_base64": null,
            "content_base64sha256": "9iMDSeWe6MhWgh+2xn0gOSoFDKEYQjMqqGCjgsYlfx0=",
            "content_base64sha512": "yRb8ZiNxmXDKV6IBJAVPUOucWAmcUbXUHl9QLs7Qa9OR1cFFgquq198OKHo564AM5HNN7xyrMKgUWGtWbrixnQ==",
            "content_md5": "09268aeaaf6940b5285538ba34a991a4",
            "content_sha1": "69263ce247b14c57fd7e35cab8fbe8544d14aa3d",
            "content_sha256": "f6230349e59ee8c856821fb6c67d20392a050ca11842332aa860a382c6257f1d",
            "content_sha512": "c916fc6623719970ca57a20124054f50eb9c58099c51b5d41e5f502eced06bd391d5c14582abaad7df0e287a39eb800ce4734def1cab30a814586b566eb8b19d",
            "directory_permission": "0777",
            "file_permission": "0777",
            "filename": "main.py",
            "id": "69263ce247b14c57fd7e35cab8fbe8544d14aa3d",
            "sensitive_content": null,
            "source": null
          },
          "sensitive_attributes": []
        }
      ]
    }
  ],
  "check_results": null
}
