{
  "version": 4,
  "terraform_version": "1.4.6",
  "serial": 9,
  "lineage": "08186754-823a-7c51-8fb4-98f3cdb6ae16",
  "outputs": {},
  "resources": [
    {
      "mode": "managed",
      "type": "local_file",
      "name": "foo",
      "provider": "provider[\"registry.terraform.io/hashicorp/local\"]",
      "instances": [
        {
          "schema_version": 0,
          "attributes": {
            "content": "def hello():\n     print('Hello World!')\nhello()",
            "content_base64": null,
            "content_base64sha256": "e5Nczwaba5SHnPhIGjze7gbKTAifyr1snH3KHfhLcaQ=",
            "content_base64sha512": "WnS6Pbxd/r8LtYHbJRqcMW1UZs/vuaFi9ZgDZkWrFtgSTSdCBA46faZ9d3Tph2Z9OAK2v9rezLIARST+zjEftA==",
            "content_md5": "2e0b9eded8686800da3e8271319b4e92",
            "content_sha1": "9bb1f47790edb21ed805f0b74c13a6a68980c49c",
            "content_sha256": "7b935ccf069b6b94879cf8481a3cdeee06ca4c089fcabd6c9c7dca1df84b71a4",
            "content_sha512": "5a74ba3dbc5dfebf0bb581db251a9c316d5466cfefb9a162f598036645ab16d8124d2742040e3a7da67d7774e987667d3802b6bfdadeccb2004524fece311fb4",
            "directory_permission": "0777",
            "file_permission": "0777",
            "filename": "main.py",
            "id": "9bb1f47790edb21ed805f0b74c13a6a68980c49c",
            "sensitive_content": null,
            "source": null
          },
          "sensitive_attributes": []
        }
      ]
    }
  ],
  "check_results": null
}
